
Microsoft Visual Studio Solution File, Format Version 12.00
# Visual Studio Version 17
VisualStudioVersion = 17.9.34728.123
MinimumVisualStudioVersion = 10.0.40219.1
Project("{9A19103F-16F7-4668-BE54-9A1E7A4F7556}") = "Login, Register Endpoints", "Login, Register Endpoints\Login, Register Endpoints.csproj", "{3079A3F7-6BA9-4213-A65D-910907FE46E5}"
EndProject
Project("{2150E333-8FDC-42A3-9474-1A3956D46DE8}") = "Solution Items", "Solution Items", "{7BF25A01-4480-4E1F-88A8-578DC65C5C49}"
	ProjectSection(SolutionItems) = preProject
		.gitignore = .gitignore
	EndProjectSection
EndProject
Global
	GlobalSection(SolutionConfigurationPlatforms) = preSolution
		Debug|Any CPU = Debug|Any CPU
		Release|Any CPU = Release|Any CPU
	EndGlobalSection
	GlobalSection(ProjectConfigurationPlatforms) = postSolution
		{3079A3F7-6BA9-4213-A65D-910907FE46E5}.Debug|Any CPU.ActiveCfg = Debug|Any CPU
		{3079A3F7-6BA9-4213-A65D-910907FE46E5}.Debug|Any CPU.Build.0 = Debug|Any CPU
		{3079A3F7-6BA9-4213-A65D-910907FE46E5}.Release|Any CPU.ActiveCfg = Release|Any CPU
		{3079A3F7-6BA9-4213-A65D-910907FE46E5}.Release|Any CPU.Build.0 = Release|Any CPU
	EndGlobalSection
	GlobalSection(SolutionProperties) = preSolution
		HideSolutionNode = FALSE
	EndGlobalSection
	GlobalSection(ExtensibilityGlobals) = postSolution
		SolutionGuid = {3C57F05A-BD3D-43A5-96FD-8E11203462EA}
	EndGlobalSection
EndGlobal
